// !$*UTF8*$!
{
	archiveVersion = 1;
	classes = {
	};
	objectVersion = 56;
	objects = {

/* Begin PBXBuildFile section */
		4DC800552B3B1E8B0099260E /* Constants.swift in Sources */ = {isa = PBXBuildFile; fileRef = 4DC800542B3B1E8B0099260E /* Constants.swift */; };
		4DDDD5762B37307500C6B73A /* RestroomFinderApp.swift in Sources */ = {isa = PBXBuildFile; fileRef = 4DDDD5752B37307500C6B73A /* RestroomFinderApp.swift */; };
		4DDDD5782B37307500C6B73A /* ContentView.swift in Sources */ = {isa = PBXBuildFile; fileRef = 4DDDD5772B37307500C6B73A /* ContentView.swift */; };
		4DDDD57A2B37307800C6B73A /* Assets.xcassets in Resources */ = {isa = PBXBuildFile; fileRef = 4DDDD5792B37307800C6B73A /* Assets.xcassets */; };
		4DDDD57D2B37307800C6B73A /* Preview Assets.xcassets in Resources */ = {isa = PBXBuildFile; fileRef = 4DDDD57C2B37307800C6B73A /* Preview Assets.xcassets */; };
		4DDDD5852B37359000C6B73A /* ActionButtonsView.swift in Sources */ = {isa = PBXBuildFile; fileRef = 4DDDD5842B37359000C6B73A /* ActionButtonsView.swift */; };
		4DDDD5872B3735D300C6B73A /* PreviewData.swift in Sources */ = {isa = PBXBuildFile; fileRef = 4DDDD5862B3735D300C6B73A /* PreviewData.swift */; };
		4DDDD58A2B3738A300C6B73A /* LocationManager.swift in Sources */ = {isa = PBXBuildFile; fileRef = 4DDDD5892B3738A300C6B73A /* LocationManager.swift */; };
		4DDDD58D2B373B4D00C6B73A /*  MKCoordinateRegion+Extensions.swift in Sources */ = {isa = PBXBuildFile; fileRef = 4DDDD58C2B373B4D00C6B73A /*  MKCoordinateRegion+Extensions.swift */; };
		4DDDD5902B37448200C6B73A /* Restroom.swift in Sources */ = {isa = PBXBuildFile; fileRef = 4DDDD58F2B37448200C6B73A /* Restroom.swift */; };
		4DDDD5932B37471A00C6B73A /* RestroomClient.swift in Sources */ = {isa = PBXBuildFile; fileRef = 4DDDD5922B37471A00C6B73A /* RestroomClient.swift */; };
		4DDDD5962B37669100C6B73A /* HTTPClientKey.swift in Sources */ = {isa = PBXBuildFile; fileRef = 4DDDD5952B37669100C6B73A /* HTTPClientKey.swift */; };
/* End PBXBuildFile section */

/* Begin PBXFileReference section */
		4DC800542B3B1E8B0099260E /* Constants.swift */ = {isa = PBXFileReference; lastKnownFileType = sourcecode.swift; path = Constants.swift; sourceTree = "<group>"; };
		4DDDD5722B37307500C6B73A /* RestroomFinder.app */ = {isa = PBXFileReference; explicitFileType = wrapper.application; includeInIndex = 0; path = RestroomFinder.app; sourceTree = BUILT_PRODUCTS_DIR; };
		4DDDD5752B37307500C6B73A /* RestroomFinderApp.swift */ = {isa = PBXFileReference; lastKnownFileType = sourcecode.swift; path = RestroomFinderApp.swift; sourceTree = "<group>"; };
		4DDDD5772B37307500C6B73A /* ContentView.swift */ = {isa = PBXFileReference; lastKnownFileType = sourcecode.swift; path = ContentView.swift; sourceTree = "<group>"; };
		4DDDD5792B37307800C6B73A /* Assets.xcassets */ = {isa = PBXFileReference; lastKnownFileType = folder.assetcatalog; path = Assets.xcassets; sourceTree = "<group>"; };
		4DDDD57C2B37307800C6B73A /* Preview Assets.xcassets */ = {isa = PBXFileReference; lastKnownFileType = folder.assetcatalog; path = "Preview Assets.xcassets"; sourceTree = "<group>"; };
		4DDDD5842B37359000C6B73A /* ActionButtonsView.swift */ = {isa = PBXFileReference; lastKnownFileType = sourcecode.swift; path = ActionButtonsView.swift; sourceTree = "<group>"; };
		4DDDD5862B3735D300C6B73A /* PreviewData.swift */ = {isa = PBXFileReference; lastKnownFileType = sourcecode.swift; path = PreviewData.swift; sourceTree = "<group>"; };
		4DDDD5892B3738A300C6B73A /* LocationManager.swift */ = {isa = PBXFileReference; lastKnownFileType = sourcecode.swift; path = LocationManager.swift; sourceTree = "<group>"; };
		4DDDD58C2B373B4D00C6B73A /*  MKCoordinateRegion+Extensions.swift */ = {isa = PBXFileReference; lastKnownFileType = sourcecode.swift; path = " MKCoordinateRegion+Extensions.swift"; sourceTree = "<group>"; };
		4DDDD58F2B37448200C6B73A /* Restroom.swift */ = {isa = PBXFileReference; lastKnownFileType = sourcecode.swift; path = Restroom.swift; sourceTree = "<group>"; };
		4DDDD5922B37471A00C6B73A /* RestroomClient.swift */ = {isa = PBXFileReference; lastKnownFileType = sourcecode.swift; path = RestroomClient.swift; sourceTree = "<group>"; };
		4DDDD5952B37669100C6B73A /* HTTPClientKey.swift */ = {isa = PBXFileReference; lastKnownFileType = sourcecode.swift; path = HTTPClientKey.swift; sourceTree = "<group>"; };
/* End PBXFileReference section */

/* Begin PBXFrameworksBuildPhase section */
		4DDDD56F2B37307500C6B73A /* Frameworks */ = {
			isa = PBXFrameworksBuildPhase;
			buildActionMask = 2147483647;
			files = (
			);
			runOnlyForDeploymentPostprocessing = 0;
		};
/* End PBXFrameworksBuildPhase section */

/* Begin PBXGroup section */
		4DC800532B3B1E7C0099260E /* Utilities */ = {
			isa = PBXGroup;
			children = (
				4DC800542B3B1E8B0099260E /* Constants.swift */,
			);
			path = Utilities;
			sourceTree = "<group>";
		};
		4DDDD5692B37307500C6B73A = {
			isa = PBXGroup;
			children = (
				4DDDD5742B37307500C6B73A /* RestroomFinder */,
				4DDDD5732B37307500C6B73A /* Products */,
			);
			sourceTree = "<group>";
		};
		4DDDD5732B37307500C6B73A /* Products */ = {
			isa = PBXGroup;
			children = (
				4DDDD5722B37307500C6B73A /* RestroomFinder.app */,
			);
			name = Products;
			sourceTree = "<group>";
		};
		4DDDD5742B37307500C6B73A /* RestroomFinder */ = {
			isa = PBXGroup;
			children = (
				4DC800532B3B1E7C0099260E /* Utilities */,
				4DDDD5942B37666C00C6B73A /* Environment */,
				4DDDD5912B37470C00C6B73A /* Clients */,
				4DDDD58E2B37446400C6B73A /* Models */,
				4DDDD58B2B373B0B00C6B73A /* Extensions */,
				4DDDD5882B37389400C6B73A /* Managers */,
				4DDDD5832B37357E00C6B73A /* Views */,
				4DDDD5752B37307500C6B73A /* RestroomFinderApp.swift */,
				4DDDD5772B37307500C6B73A /* ContentView.swift */,
				4DDDD5792B37307800C6B73A /* Assets.xcassets */,
				4DDDD57B2B37307800C6B73A /* Preview Content */,
			);
			path = RestroomFinder;
			sourceTree = "<group>";
		};
		4DDDD57B2B37307800C6B73A /* Preview Content */ = {
			isa = PBXGroup;
			children = (
				4DDDD57C2B37307800C6B73A /* Preview Assets.xcassets */,
				4DDDD5862B3735D300C6B73A /* PreviewData.swift */,
			);
			path = "Preview Content";
			sourceTree = "<group>";
		};
		4DDDD5832B37357E00C6B73A /* Views */ = {
			isa = PBXGroup;
			children = (
				4DDDD5842B37359000C6B73A /* ActionButtonsView.swift */,
			);
			path = Views;
			sourceTree = "<group>";
		};
		4DDDD5882B37389400C6B73A /* Managers */ = {
			isa = PBXGroup;
			children = (
				4DDDD5892B3738A300C6B73A /* LocationManager.swift */,
			);
			path = Managers;
			sourceTree = "<group>";
		};
		4DDDD58B2B373B0B00C6B73A /* Extensions */ = {
			isa = PBXGroup;
			children = (
				4DDDD58C2B373B4D00C6B73A /*  MKCoordinateRegion+Extensions.swift */,
			);
			path = Extensions;
			sourceTree = "<group>";
		};
		4DDDD58E2B37446400C6B73A /* Models */ = {
			isa = PBXGroup;
			children = (
				4DDDD58F2B37448200C6B73A /* Restroom.swift */,
			);
			path = Models;
			sourceTree = "<group>";
		};
		4DDDD5912B37470C00C6B73A /* Clients */ = {
			isa = PBXGroup;
			children = (
				4DDDD5922B37471A00C6B73A /* RestroomClient.swift */,
			);
			path = Clients;
			sourceTree = "<group>";
		};
		4DDDD5942B37666C00C6B73A /* Environment */ = {
			isa = PBXGroup;
			children = (
				4DDDD5952B37669100C6B73A /* HTTPClientKey.swift */,
			);
			path = Environment;
			sourceTree = "<group>";
		};
/* End PBXGroup section */

/* Begin PBXNativeTarget section */
		4DDDD5712B37307500C6B73A /* RestroomFinder */ = {
			isa = PBXNativeTarget;
			buildConfigurationList = 4DDDD5802B37307800C6B73A /* Build configuration list for PBXNativeTarget "RestroomFinder" */;
			buildPhases = (
				4DDDD56E2B37307500C6B73A /* Sources */,
				4DDDD56F2B37307500C6B73A /* Frameworks */,
				4DDDD5702B37307500C6B73A /* Resources */,
			);
			buildRules = (
			);
			dependencies = (
			);
			name = RestroomFinder;
			productName = RestroomFinder;
			productReference = 4DDDD5722B37307500C6B73A /* RestroomFinder.app */;
			productType = "com.apple.product-type.application";
		};
/* End PBXNativeTarget section */

/* Begin PBXProject section */
		4DDDD56A2B37307500C6B73A /* Project object */ = {
			isa = PBXProject;
			attributes = {
				BuildIndependentTargetsInParallel = 1;
				LastSwiftUpdateCheck = 1510;
				LastUpgradeCheck = 1510;
				TargetAttributes = {
					4DDDD5712B37307500C6B73A = {
						CreatedOnToolsVersion = 15.1;
					};
				};
			};
			buildConfigurationList = 4DDDD56D2B37307500C6B73A /* Build configuration list for PBXProject "RestroomFinder" */;
			compatibilityVersion = "Xcode 14.0";
			developmentRegion = en;
			hasScannedForEncodings = 0;
			knownRegions = (
				en,
				Base,
			);
			mainGroup = 4DDDD5692B37307500C6B73A;
			productRefGroup = 4DDDD5732B37307500C6B73A /* Products */;
			projectDirPath = "";
			projectRoot = "";
			targets = (
				4DDDD5712B37307500C6B73A /* RestroomFinder */,
			);
		};
/* End PBXProject section */

/* Begin PBXResourcesBuildPhase section */
		4DDDD5702B37307500C6B73A /* Resources */ = {
			isa = PBXResourcesBuildPhase;
			buildActionMask = 2147483647;
			files = (
				4DDDD57D2B37307800C6B73A /* Preview Assets.xcassets in Resources */,
				4DDDD57A2B37307800C6B73A /* Assets.xcassets in Resources */,
			);
			runOnlyForDeploymentPostprocessing = 0;
		};
/* End PBXResourcesBuildPhase section */

/* Begin PBXSourcesBuildPhase section */
		4DDDD56E2B37307500C6B73A /* Sources */ = {
			isa = PBXSourcesBuildPhase;
			buildActionMask = 2147483647;
			files = (
				4DDDD5872B3735D300C6B73A /* PreviewData.swift in Sources */,
				4DDDD5932B37471A00C6B73A /* RestroomClient.swift in Sources */,
				4DDDD5782B37307500C6B73A /* ContentView.swift in Sources */,
				4DDDD58A2B3738A300C6B73A /* LocationManager.swift in Sources */,
				4DDDD5902B37448200C6B73A /* Restroom.swift in Sources */,
				4DC800552B3B1E8B0099260E /* Constants.swift in Sources */,
				4DDDD5762B37307500C6B73A /* RestroomFinderApp.swift in Sources */,
				4DDDD5962B37669100C6B73A /* HTTPClientKey.swift in Sources */,
				4DDDD58D2B373B4D00C6B73A /*  MKCoordinateRegion+Extensions.swift in Sources */,
				4DDDD5852B37359000C6B73A /* ActionButtonsView.swift in Sources */,
			);
			runOnlyForDeploymentPostprocessing = 0;
		};
/* End PBXSourcesBuildPhase section */

/* Begin XCBuildConfiguration section */
		4DDDD57E2B37307800C6B73A /* Debug */ = {
			isa = XCBuildConfiguration;
			buildSettings = {
				ALWAYS_SEARCH_USER_PATHS = NO;
				ASSETCATALOG_COMPILER_GENERATE_SWIFT_ASSET_SYMBOL_EXTENSIONS = YES;
				CLANG_ANALYZER_NONNULL = YES;
				CLANG_ANALYZER_NUMBER_OBJECT_CONVERSION = YES_AGGRESSIVE;
				CLANG_CXX_LANGUAGE_STANDARD = "gnu++20";
				CLANG_ENABLE_MODULES = YES;
				CLANG_ENABLE_OBJC_ARC = YES;
				CLANG_ENABLE_OBJC_WEAK = YES;
				CLANG_WARN_BLOCK_CAPTURE_AUTORELEASING = YES;
				CLANG_WARN_BOOL_CONVERSION = YES;
				CLANG_WARN_COMMA = YES;
				CLANG_WARN_CONSTANT_CONVERSION = YES;
				CLANG_WARN_DEPRECATED_OBJC_IMPLEMENTATIONS = YES;
				CLANG_WARN_DIRECT_OBJC_ISA_USAGE = YES_ERROR;
				CLANG_WARN_DOCUMENTATION_COMMENTS = YES;
				CLANG_WARN_EMPTY_BODY = YES;
				CLANG_WARN_ENUM_CONVERSION = YES;
				CLANG_WARN_INFINITE_RECURSION = YES;
				CLANG_WARN_INT_CONVERSION = YES;
				CLANG_WARN_NON_LITERAL_NULL_CONVERSION = YES;
				CLANG_WARN_OBJC_IMPLICIT_RETAIN_SELF = YES;
				CLANG_WARN_OBJC_LITERAL_CONVERSION = YES;
				CLANG_WARN_OBJC_ROOT_CLASS = YES_ERROR;
				CLANG_WARN_QUOTED_INCLUDE_IN_FRAMEWORK_HEADER = YES;
				CLANG_WARN_RANGE_LOOP_ANALYSIS = YES;
				CLANG_WARN_STRICT_PROTOTYPES = YES;
				CLANG_WARN_SUSPICIOUS_MOVE = YES;
				CLANG_WARN_UNGUARDED_AVAILABILITY = YES_AGGRESSIVE;
				CLANG_WARN_UNREACHABLE_CODE = YES;
				CLANG_WARN__DUPLICATE_METHOD_MATCH = YES;
				COPY_PHASE_STRIP = NO;
				DEBUG_INFORMATION_FORMAT = dwarf;
				ENABLE_STRICT_OBJC_MSGSEND = YES;
				ENABLE_TESTABILITY = YES;
				ENABLE_USER_SCRIPT_SANDBOXING = YES;
				GCC_C_LANGUAGE_STANDARD = gnu17;
				GCC_DYNAMIC_NO_PIC = NO;
				GCC_NO_COMMON_BLOCKS = YES;
				GCC_OPTIMIZATION_LEVEL = 0;
				GCC_PREPROCESSOR_DEFINITIONS = (
					"DEBUG=1",
					"$(inherited)",
				);
				GCC_WARN_64_TO_32_BIT_CONVERSION = YES;
				GCC_WARN_ABOUT_RETURN_TYPE = YES_ERROR;
				GCC_WARN_UNDECLARED_SELECTOR = YES;
				GCC_WARN_UNINITIALIZED_AUTOS = YES_AGGRESSIVE;
				GCC_WARN_UNUSED_FUNCTION = YES;
				GCC_WARN_UNUSED_VARIABLE = YES;
				IPHONEOS_DEPLOYMENT_TARGET = 17.2;
				LOCALIZATION_PREFERS_STRING_CATALOGS = YES;
				MTL_ENABLE_DEBUG_INFO = INCLUDE_SOURCE;
				MTL_FAST_MATH = YES;
				ONLY_ACTIVE_ARCH = YES;
				SDKROOT = iphoneos;
				SWIFT_ACTIVE_COMPILATION_CONDITIONS = "DEBUG $(inherited)";
				SWIFT_OPTIMIZATION_LEVEL = "-Onone";
			};
			name = Debug;
		};
		4DDDD57F2B37307800C6B73A /* Release */ = {
			isa = XCBuildConfiguration;
			buildSettings = {
				ALWAYS_SEARCH_USER_PATHS = NO;
				ASSETCATALOG_COMPILER_GENERATE_SWIFT_ASSET_SYMBOL_EXTENSIONS = YES;
				CLANG_ANALYZER_NONNULL = YES;
				CLANG_ANALYZER_NUMBER_OBJECT_CONVERSION = YES_AGGRESSIVE;
				CLANG_CXX_LANGUAGE_STANDARD = "gnu++20";
				CLANG_ENABLE_MODULES = YES;
				CLANG_ENABLE_OBJC_ARC = YES;
				CLANG_ENABLE_OBJC_WEAK = YES;
				CLANG_WARN_BLOCK_CAPTURE_AUTORELEASING = YES;
				CLANG_WARN_BOOL_CONVERSION = YES;
				CLANG_WARN_COMMA = YES;
				CLANG_WARN_CONSTANT_CONVERSION = YES;
				CLANG_WARN_DEPRECATED_OBJC_IMPLEMENTATIONS = YES;
				CLANG_WARN_DIRECT_OBJC_ISA_USAGE = YES_ERROR;
				CLANG_WARN_DOCUMENTATION_COMMENTS = YES;
				CLANG_WARN_EMPTY_BODY = YES;
				CLANG_WARN_ENUM_CONVERSION = YES;
				CLANG_WARN_INFINITE_RECURSION = YES;
				CLANG_WARN_INT_CONVERSION = YES;
				CLANG_WARN_NON_LITERAL_NULL_CONVERSION = YES;
				CLANG_WARN_OBJC_IMPLICIT_RETAIN_SELF = YES;
				CLANG_WARN_OBJC_LITERAL_CONVERSION = YES;
				CLANG_WARN_OBJC_ROOT_CLASS = YES_ERROR;
				CLANG_WARN_QUOTED_INCLUDE_IN_FRAMEWORK_HEADER = YES;
				CLANG_WARN_RANGE_LOOP_ANALYSIS = YES;
				CLANG_WARN_STRICT_PROTOTYPES = YES;
				CLANG_WARN_SUSPICIOUS_MOVE = YES;
				CLANG_WARN_UNGUARDED_AVAILABILITY = YES_AGGRESSIVE;
				CLANG_WARN_UNREACHABLE_CODE = YES;
				CLANG_WARN__DUPLICATE_METHOD_MATCH = YES;
				COPY_PHASE_STRIP = NO;
				DEBUG_INFORMATION_FORMAT = "dwarf-with-dsym";
				ENABLE_NS_ASSERTIONS = NO;
				ENABLE_STRICT_OBJC_MSGSEND = YES;
				ENABLE_USER_SCRIPT_SANDBOXING = YES;
				GCC_C_LANGUAGE_STANDARD = gnu17;
				GCC_NO_COMMON_BLOCKS = YES;
				GCC_WARN_64_TO_32_BIT_CONVERSION = YES;
				GCC_WARN_ABOUT_RETURN_TYPE = YES_ERROR;
				GCC_WARN_UNDECLARED_SELECTOR = YES;
				GCC_WARN_UNINITIALIZED_AUTOS = YES_AGGRESSIVE;
				GCC_WARN_UNUSED_FUNCTION = YES;
				GCC_WARN_UNUSED_VARIABLE = YES;
				IPHONEOS_DEPLOYMENT_TARGET = 17.2;
				LOCALIZATION_PREFERS_STRING_CATALOGS = YES;
				MTL_ENABLE_DEBUG_INFO = NO;
				MTL_FAST_MATH = YES;
				SDKROOT = iphoneos;
				SWIFT_COMPILATION_MODE = wholemodule;
				VALIDATE_PRODUCT = YES;
			};
			name = Release;
		};
		4DDDD5812B37307800C6B73A /* Debug */ = {
			isa = XCBuildConfiguration;
			buildSettings = {
				ASSETCATALOG_COMPILER_APPICON_NAME = AppIcon;
				ASSETCATALOG_COMPILER_GLOBAL_ACCENT_COLOR_NAME = AccentColor;
				CODE_SIGN_STYLE = Automatic;
				CURRENT_PROJECT_VERSION = 1;
				DEVELOPMENT_ASSET_PATHS = "\"RestroomFinder/Preview Content\"";
				DEVELOPMENT_TEAM = 56F54J4H3N;
				ENABLE_PREVIEWS = YES;
				GENERATE_INFOPLIST_FILE = YES;
				INFOPLIST_KEY_NSLocationWhenInUseUsageDescription = "Restroom Finder needs your permission to find your location";
				INFOPLIST_KEY_UIApplicationSceneManifest_Generation = YES;
				INFOPLIST_KEY_UIApplicationSupportsIndirectInputEvents = YES;
				INFOPLIST_KEY_UILaunchScreen_Generation = YES;
				INFOPLIST_KEY_UISupportedInterfaceOrientations_iPad = "UIInterfaceOrientationPortrait UIInterfaceOrientationPortraitUpsideDown UIInterfaceOrientationLandscapeLeft UIInterfaceOrientationLandscapeRight";
				INFOPLIST_KEY_UISupportedInterfaceOrientations_iPhone = "UIInterfaceOrientationPortrait UIInterfaceOrientationLandscapeLeft UIInterfaceOrientationLandscapeRight";
				LD_RUNPATH_SEARCH_PATHS = (
					"$(inherited)",
					"@executable_path/Frameworks",
				);
				MARKETING_VERSION = 1.0;
				PRODUCT_BUNDLE_IDENTIFIER = mobilesoftwareservices.RestroomFinder;
				PRODUCT_NAME = "$(TARGET_NAME)";
				SWIFT_EMIT_LOC_STRINGS = YES;
				SWIFT_VERSION = 5.0;
				TARGETED_DEVICE_FAMILY = "1,2";
			};
			name = Debug;
		};
		4DDDD5822B37307800C6B73A /* Release */ = {
			isa = XCBuildConfiguration;
			buildSettings = {
				ASSETCATALOG_COMPILER_APPICON_NAME = AppIcon;
				ASSETCATALOG_COMPILER_GLOBAL_ACCENT_COLOR_NAME = AccentColor;
				CODE_SIGN_STYLE = Automatic;
				CURRENT_PROJECT_VERSION = 1;
				DEVELOPMENT_ASSET_PATHS = "\"RestroomFinder/Preview Content\"";
				DEVELOPMENT_TEAM = 56F54J4H3N;
				ENABLE_PREVIEWS = YES;
				GENERATE_INFOPLIST_FILE = YES;
				INFOPLIST_KEY_NSLocationWhenInUseUsageDescription = "Restroom Finder needs your permission to find your location";
				INFOPLIST_KEY_UIApplicationSceneManifest_Generation = YES;
				INFOPLIST_KEY_UIApplicationSupportsIndirectInputEvents = YES;
				INFOPLIST_KEY_UILaunchScreen_Generation = YES;
				INFOPLIST_KEY_UISupportedInterfaceOrientations_iPad = "UIInterfaceOrientationPortrait UIInterfaceOrientationPortraitUpsideDown UIInterfaceOrientationLandscapeLeft UIInterfaceOrientationLandscapeRight";
				INFOPLIST_KEY_UISupportedInterfaceOrientations_iPhone = "UIInterfaceOrientationPortrait UIInterfaceOrientationLandscapeLeft UIInterfaceOrientationLandscapeRight";
				LD_RUNPATH_SEARCH_PATHS = (
					"$(inherited)",
					"@executable_path/Frameworks",
				);
				MARKETING_VERSION = 1.0;
				PRODUCT_BUNDLE_IDENTIFIER = mobilesoftwareservices.RestroomFinder;
				PRODUCT_NAME = "$(TARGET_NAME)";
				SWIFT_EMIT_LOC_STRINGS = YES;
				SWIFT_VERSION = 5.0;
				TARGETED_DEVICE_FAMILY = "1,2";
			};
			name = Release;
		};
/* End XCBuildConfiguration section */

/* Begin XCConfigurationList section */
		4DDDD56D2B37307500C6B73A /* Build configuration list for PBXProject "RestroomFinder" */ = {
			isa = XCConfigurationList;
			buildConfigurations = (
				4DDDD57E2B37307800C6B73A /* Debug */,
				4DDDD57F2B37307800C6B73A /* Release */,
			);
			defaultConfigurationIsVisible = 0;
			defaultConfigurationName = Release;
		};
		4DDDD5802B37307800C6B73A /* Build configuration list for PBXNativeTarget "RestroomFinder" */ = {
			isa = XCConfigurationList;
			buildConfigurations = (
				4DDDD5812B37307800C6B73A /* Debug */,
				4DDDD5822B37307800C6B73A /* Release */,
			);
			defaultConfigurationIsVisible = 0;
			defaultConfigurationName = Release;
		};
/* End XCConfigurationList section */
	};
	rootObject = 4DDDD56A2B37307500C6B73A /* Project object */;
}
